// !$*UTF8*$!
{
	archiveVersion = 1;
	classes = {
	};
	objectVersion = 56;
	objects = {

/* Begin PBXBuildFile section */
		FCCAF5842A8E65250042A612 /* CustomView.swift in Sources */ = {isa = PBXBuildFile; fileRef = FCCAF5832A8E65250042A612 /* CustomView.swift */; };
		FCCAF5862A8E656B0042A612 /* CustomTextEditor.swift in Sources */ = {isa = PBXBuildFile; fileRef = FCCAF5852A8E656B0042A612 /* CustomTextEditor.swift */; };
		FCCAF58B2A8E664B0042A612 /* CustomButton.swift in Sources */ = {isa = PBXBuildFile; fileRef = FCCAF58A2A8E664B0042A612 /* CustomButton.swift */; };
		FCCAF58D2A8E86180042A612 /* HabitDatail.swift in Sources */ = {isa = PBXBuildFile; fileRef = FCCAF58C2A8E86180042A612 /* HabitDatail.swift */; };
		FCFD484B2A8E21BE005EF83E /* HabitTrackingApp.swift in Sources */ = {isa = PBXBuildFile; fileRef = FCFD484A2A8E21BE005EF83E /* HabitTrackingApp.swift */; };
		FCFD484D2A8E21BE005EF83E /* ContentView.swift in Sources */ = {isa = PBXBuildFile; fileRef = FCFD484C2A8E21BE005EF83E /* ContentView.swift */; };
		FCFD484F2A8E21C0005EF83E /* Assets.xcassets in Resources */ = {isa = PBXBuildFile; fileRef = FCFD484E2A8E21C0005EF83E /* Assets.xcassets */; };
		FCFD48522A8E21C0005EF83E /* Preview Assets.xcassets in Resources */ = {isa = PBXBuildFile; fileRef = FCFD48512A8E21C0005EF83E /* Preview Assets.xcassets */; };
		FCFD48592A8E2257005EF83E /* HabitItem.swift in Sources */ = {isa = PBXBuildFile; fileRef = FCFD48582A8E2257005EF83E /* HabitItem.swift */; };
		FCFD485B2A8E234D005EF83E /* Habits.swift in Sources */ = {isa = PBXBuildFile; fileRef = FCFD485A2A8E234D005EF83E /* Habits.swift */; };
		FCFD485D2A8E2A36005EF83E /* AddHabit.swift in Sources */ = {isa = PBXBuildFile; fileRef = FCFD485C2A8E2A36005EF83E /* AddHabit.swift */; };
/* End PBXBuildFile section */

/* Begin PBXFileReference section */
		FCCAF5832A8E65250042A612 /* CustomView.swift */ = {isa = PBXFileReference; lastKnownFileType = sourcecode.swift; path = CustomView.swift; sourceTree = "<group>"; };
		FCCAF5852A8E656B0042A612 /* CustomTextEditor.swift */ = {isa = PBXFileReference; lastKnownFileType = sourcecode.swift; path = CustomTextEditor.swift; sourceTree = "<group>"; };
		FCCAF58A2A8E664B0042A612 /* CustomButton.swift */ = {isa = PBXFileReference; lastKnownFileType = sourcecode.swift; path = CustomButton.swift; sourceTree = "<group>"; };
		FCCAF58C2A8E86180042A612 /* HabitDatail.swift */ = {isa = PBXFileReference; lastKnownFileType = sourcecode.swift; path = HabitDatail.swift; sourceTree = "<group>"; };
		FCFD48472A8E21BE005EF83E /* HabitTracking.app */ = {isa = PBXFileReference; explicitFileType = wrapper.application; includeInIndex = 0; path = HabitTracking.app; sourceTree = BUILT_PRODUCTS_DIR; };
		FCFD484A2A8E21BE005EF83E /* HabitTrackingApp.swift */ = {isa = PBXFileReference; lastKnownFileType = sourcecode.swift; path = HabitTrackingApp.swift; sourceTree = "<group>"; };
		FCFD484C2A8E21BE005EF83E /* ContentView.swift */ = {isa = PBXFileReference; lastKnownFileType = sourcecode.swift; path = ContentView.swift; sourceTree = "<group>"; };
		FCFD484E2A8E21C0005EF83E /* Assets.xcassets */ = {isa = PBXFileReference; lastKnownFileType = folder.assetcatalog; path = Assets.xcassets; sourceTree = "<group>"; };
		FCFD48512A8E21C0005EF83E /* Preview Assets.xcassets */ = {isa = PBXFileReference; lastKnownFileType = folder.assetcatalog; path = "Preview Assets.xcassets"; sourceTree = "<group>"; };
		FCFD48582A8E2257005EF83E /* HabitItem.swift */ = {isa = PBXFileReference; lastKnownFileType = sourcecode.swift; path = HabitItem.swift; sourceTree = "<group>"; };
		FCFD485A2A8E234D005EF83E /* Habits.swift */ = {isa = PBXFileReference; lastKnownFileType = sourcecode.swift; path = Habits.swift; sourceTree = "<group>"; };
		FCFD485C2A8E2A36005EF83E /* AddHabit.swift */ = {isa = PBXFileReference; lastKnownFileType = sourcecode.swift; path = AddHabit.swift; sourceTree = "<group>"; };
/* End PBXFileReference section */

/* Begin PBXFrameworksBuildPhase section */
		FCFD48442A8E21BE005EF83E /* Frameworks */ = {
			isa = PBXFrameworksBuildPhase;
			buildActionMask = 2147483647;
			files = (
			);
			runOnlyForDeploymentPostprocessing = 0;
		};
/* End PBXFrameworksBuildPhase section */

/* Begin PBXGroup section */
		FCCAF5872A8E65C10042A612 /* View */ = {
			isa = PBXGroup;
			children = (
				FCFD484C2A8E21BE005EF83E /* ContentView.swift */,
				FCCAF58C2A8E86180042A612 /* HabitDatail.swift */,
				FCCAF58A2A8E664B0042A612 /* CustomButton.swift */,
				FCCAF5832A8E65250042A612 /* CustomView.swift */,
				FCCAF5852A8E656B0042A612 /* CustomTextEditor.swift */,
				FCFD485C2A8E2A36005EF83E /* AddHabit.swift */,
			);
			path = View;
			sourceTree = "<group>";
		};
		FCCAF5882A8E65EF0042A612 /* model */ = {
			isa = PBXGroup;
			children = (
				FCFD48582A8E2257005EF83E /* HabitItem.swift */,
			);
			path = model;
			sourceTree = "<group>";
		};
		FCCAF5892A8E65FB0042A612 /* ViewModels */ = {
			isa = PBXGroup;
			children = (
				FCFD485A2A8E234D005EF83E /* Habits.swift */,
			);
			path = ViewModels;
			sourceTree = "<group>";
		};
		FCFD483E2A8E21BE005EF83E = {
			isa = PBXGroup;
			children = (
				FCFD48492A8E21BE005EF83E /* HabitTracking */,
				FCFD48482A8E21BE005EF83E /* Products */,
			);
			sourceTree = "<group>";
		};
		FCFD48482A8E21BE005EF83E /* Products */ = {
			isa = PBXGroup;
			children = (
				FCFD48472A8E21BE005EF83E /* HabitTracking.app */,
			);
			name = Products;
			sourceTree = "<group>";
		};
		FCFD48492A8E21BE005EF83E /* HabitTracking */ = {
			isa = PBXGroup;
			children = (
				FCCAF5892A8E65FB0042A612 /* ViewModels */,
				FCCAF5882A8E65EF0042A612 /* model */,
				FCCAF5872A8E65C10042A612 /* View */,
				FCFD484A2A8E21BE005EF83E /* HabitTrackingApp.swift */,
				FCFD484E2A8E21C0005EF83E /* Assets.xcassets */,
				FCFD48502A8E21C0005EF83E /* Preview Content */,
			);
			path = HabitTracking;
			sourceTree = "<group>";
		};
		FCFD48502A8E21C0005EF83E /* Preview Content */ = {
			isa = PBXGroup;
			children = (
				FCFD48512A8E21C0005EF83E /* Preview Assets.xcassets */,
			);
			path = "Preview Content";
			sourceTree = "<group>";
		};
/* End PBXGroup section */

/* Begin PBXNativeTarget section */
		FCFD48462A8E21BE005EF83E /* HabitTracking */ = {
			isa = PBXNativeTarget;
			buildConfigurationList = FCFD48552A8E21C0005EF83E /* Build configuration list for PBXNativeTarget "HabitTracking" */;
			buildPhases = (
				FCFD48432A8E21BE005EF83E /* Sources */,
				FCFD48442A8E21BE005EF83E /* Frameworks */,
				FCFD48452A8E21BE005EF83E /* Resources */,
			);
			buildRules = (
			);
			dependencies = (
			);
			name = HabitTracking;
			productName = HabitTracking;
			productReference = FCFD48472A8E21BE005EF83E /* HabitTracking.app */;
			productType = "com.apple.product-type.application";
		};
/* End PBXNativeTarget section */

/* Begin PBXProject section */
		FCFD483F2A8E21BE005EF83E /* Project object */ = {
			isa = PBXProject;
			attributes = {
				BuildIndependentTargetsInParallel = 1;
				LastSwiftUpdateCheck = 1430;
				LastUpgradeCheck = 1430;
				TargetAttributes = {
					FCFD48462A8E21BE005EF83E = {
						CreatedOnToolsVersion = 14.3;
					};
				};
			};
			buildConfigurationList = FCFD48422A8E21BE005EF83E /* Build configuration list for PBXProject "HabitTracking" */;
			compatibilityVersion = "Xcode 14.0";
			developmentRegion = en;
			hasScannedForEncodings = 0;
			knownRegions = (
				en,
				Base,
			);
			mainGroup = FCFD483E2A8E21BE005EF83E;
			productRefGroup = FCFD48482A8E21BE005EF83E /* Products */;
			projectDirPath = "";
			projectRoot = "";
			targets = (
				FCFD48462A8E21BE005EF83E /* HabitTracking */,
			);
		};
/* End PBXProject section */

/* Begin PBXResourcesBuildPhase section */
		FCFD48452A8E21BE005EF83E /* Resources */ = {
			isa = PBXResourcesBuildPhase;
			buildActionMask = 2147483647;
			files = (
				FCFD48522A8E21C0005EF83E /* Preview Assets.xcassets in Resources */,
				FCFD484F2A8E21C0005EF83E /* Assets.xcassets in Resources */,
			);
			runOnlyForDeploymentPostprocessing = 0;
		};
/* End PBXResourcesBuildPhase section */

/* Begin PBXSourcesBuildPhase section */
		FCFD48432A8E21BE005EF83E /* Sources */ = {
			isa = PBXSourcesBuildPhase;
			buildActionMask = 2147483647;
			files = (
				FCFD484D2A8E21BE005EF83E /* ContentView.swift in Sources */,
				FCFD485D2A8E2A36005EF83E /* AddHabit.swift in Sources */,
				FCCAF5862A8E656B0042A612 /* CustomTextEditor.swift in Sources */,
				FCFD484B2A8E21BE005EF83E /* HabitTrackingApp.swift in Sources */,
				FCCAF58B2A8E664B0042A612 /* CustomButton.swift in Sources */,
				FCCAF5842A8E65250042A612 /* CustomView.swift in Sources */,
				FCFD485B2A8E234D005EF83E /* Habits.swift in Sources */,
				FCFD48592A8E2257005EF83E /* HabitItem.swift in Sources */,
				FCCAF58D2A8E86180042A612 /* HabitDatail.swift in Sources */,
			);
			runOnlyForDeploymentPostprocessing = 0;
		};
/* End PBXSourcesBuildPhase section */

/* Begin XCBuildConfiguration section */
		FCFD48532A8E21C0005EF83E /* Debug */ = {
			isa = XCBuildConfiguration;
			buildSettings = {
				ALWAYS_SEARCH_USER_PATHS = NO;
				CLANG_ANALYZER_NONNULL = YES;
				CLANG_ANALYZER_NUMBER_OBJECT_CONVERSION = YES_AGGRESSIVE;
				CLANG_CXX_LANGUAGE_STANDARD = "gnu++20";
				CLANG_ENABLE_MODULES = YES;
				CLANG_ENABLE_OBJC_ARC = YES;
				CLANG_ENABLE_OBJC_WEAK = YES;
				CLANG_WARN_BLOCK_CAPTURE_AUTORELEASING = YES;
				CLANG_WARN_BOOL_CONVERSION = YES;
				CLANG_WARN_COMMA = YES;
				CLANG_WARN_CONSTANT_CONVERSION = YES;
				CLANG_WARN_DEPRECATED_OBJC_IMPLEMENTATIONS = YES;
				CLANG_WARN_DIRECT_OBJC_ISA_USAGE = YES_ERROR;
				CLANG_WARN_DOCUMENTATION_COMMENTS = YES;
				CLANG_WARN_EMPTY_BODY = YES;
				CLANG_WARN_ENUM_CONVERSION = YES;
				CLANG_WARN_INFINITE_RECURSION = YES;
				CLANG_WARN_INT_CONVERSION = YES;
				CLANG_WARN_NON_LITERAL_NULL_CONVERSION = YES;
				CLANG_WARN_OBJC_IMPLICIT_RETAIN_SELF = YES;
				CLANG_WARN_OBJC_LITERAL_CONVERSION = YES;
				CLANG_WARN_OBJC_ROOT_CLASS = YES_ERROR;
				CLANG_WARN_QUOTED_INCLUDE_IN_FRAMEWORK_HEADER = YES;
				CLANG_WARN_RANGE_LOOP_ANALYSIS = YES;
				CLANG_WARN_STRICT_PROTOTYPES = YES;
				CLANG_WARN_SUSPICIOUS_MOVE = YES;
				CLANG_WARN_UNGUARDED_AVAILABILITY = YES_AGGRESSIVE;
				CLANG_WARN_UNREACHABLE_CODE = YES;
				CLANG_WARN__DUPLICATE_METHOD_MATCH = YES;
				COPY_PHASE_STRIP = NO;
				DEBUG_INFORMATION_FORMAT = dwarf;
				ENABLE_STRICT_OBJC_MSGSEND = YES;
				ENABLE_TESTABILITY = YES;
				GCC_C_LANGUAGE_STANDARD = gnu11;
				GCC_DYNAMIC_NO_PIC = NO;
				GCC_NO_COMMON_BLOCKS = YES;
				GCC_OPTIMIZATION_LEVEL = 0;
				GCC_PREPROCESSOR_DEFINITIONS = (
					"DEBUG=1",
					"$(inherited)",
				);
				GCC_WARN_64_TO_32_BIT_CONVERSION = YES;
				GCC_WARN_ABOUT_RETURN_TYPE = YES_ERROR;
				GCC_WARN_UNDECLARED_SELECTOR = YES;
				GCC_WARN_UNINITIALIZED_AUTOS = YES_AGGRESSIVE;
				GCC_WARN_UNUSED_FUNCTION = YES;
				GCC_WARN_UNUSED_VARIABLE = YES;
				IPHONEOS_DEPLOYMENT_TARGET = 16.4;
				MTL_ENABLE_DEBUG_INFO = INCLUDE_SOURCE;
				MTL_FAST_MATH = YES;
				ONLY_ACTIVE_ARCH = YES;
				SDKROOT = iphoneos;
				SWIFT_ACTIVE_COMPILATION_CONDITIONS = DEBUG;
				SWIFT_OPTIMIZATION_LEVEL = "-Onone";
			};
			name = Debug;
		};
		FCFD48542A8E21C0005EF83E /* Release */ = {
			isa = XCBuildConfiguration;
			buildSettings = {
				ALWAYS_SEARCH_USER_PATHS = NO;
				CLANG_ANALYZER_NONNULL = YES;
				CLANG_ANALYZER_NUMBER_OBJECT_CONVERSION = YES_AGGRESSIVE;
				CLANG_CXX_LANGUAGE_STANDARD = "gnu++20";
				CLANG_ENABLE_MODULES = YES;
				CLANG_ENABLE_OBJC_ARC = YES;
				CLANG_ENABLE_OBJC_WEAK = YES;
				CLANG_WARN_BLOCK_CAPTURE_AUTORELEASING = YES;
				CLANG_WARN_BOOL_CONVERSION = YES;
				CLANG_WARN_COMMA = YES;
				CLANG_WARN_CONSTANT_CONVERSION = YES;
				CLANG_WARN_DEPRECATED_OBJC_IMPLEMENTATIONS = YES;
				CLANG_WARN_DIRECT_OBJC_ISA_USAGE = YES_ERROR;
				CLANG_WARN_DOCUMENTATION_COMMENTS = YES;
				CLANG_WARN_EMPTY_BODY = YES;
				CLANG_WARN_ENUM_CONVERSION = YES;
				CLANG_WARN_INFINITE_RECURSION = YES;
				CLANG_WARN_INT_CONVERSION = YES;
				CLANG_WARN_NON_LITERAL_NULL_CONVERSION = YES;
				CLANG_WARN_OBJC_IMPLICIT_RETAIN_SELF = YES;
				CLANG_WARN_OBJC_LITERAL_CONVERSION = YES;
				CLANG_WARN_OBJC_ROOT_CLASS = YES_ERROR;
				CLANG_WARN_QUOTED_INCLUDE_IN_FRAMEWORK_HEADER = YES;
				CLANG_WARN_RANGE_LOOP_ANALYSIS = YES;
				CLANG_WARN_STRICT_PROTOTYPES = YES;
				CLANG_WARN_SUSPICIOUS_MOVE = YES;
				CLANG_WARN_UNGUARDED_AVAILABILITY = YES_AGGRESSIVE;
				CLANG_WARN_UNREACHABLE_CODE = YES;
				CLANG_WARN__DUPLICATE_METHOD_MATCH = YES;
				COPY_PHASE_STRIP = NO;
				DEBUG_INFORMATION_FORMAT = "dwarf-with-dsym";
				ENABLE_NS_ASSERTIONS = NO;
				ENABLE_STRICT_OBJC_MSGSEND = YES;
				GCC_C_LANGUAGE_STANDARD = gnu11;
				GCC_NO_COMMON_BLOCKS = YES;
				GCC_WARN_64_TO_32_BIT_CONVERSION = YES;
				GCC_WARN_ABOUT_RETURN_TYPE = YES_ERROR;
				GCC_WARN_UNDECLARED_SELECTOR = YES;
				GCC_WARN_UNINITIALIZED_AUTOS = YES_AGGRESSIVE;
				GCC_WARN_UNUSED_FUNCTION = YES;
				GCC_WARN_UNUSED_VARIABLE = YES;
				IPHONEOS_DEPLOYMENT_TARGET = 16.4;
				MTL_ENABLE_DEBUG_INFO = NO;
				MTL_FAST_MATH = YES;
				SDKROOT = iphoneos;
				SWIFT_COMPILATION_MODE = wholemodule;
				SWIFT_OPTIMIZATION_LEVEL = "-O";
				VALIDATE_PRODUCT = YES;
			};
			name = Release;
		};
		FCFD48562A8E21C0005EF83E /* Debug */ = {
			isa = XCBuildConfiguration;
			buildSettings = {
				ASSETCATALOG_COMPILER_APPICON_NAME = AppIcon;
				ASSETCATALOG_COMPILER_GLOBAL_ACCENT_COLOR_NAME = AccentColor;
				CODE_SIGN_STYLE = Automatic;
				CURRENT_PROJECT_VERSION = 1;
				DEVELOPMENT_ASSET_PATHS = "\"HabitTracking/Preview Content\"";
				DEVELOPMENT_TEAM = UYW8HNCU5F;
				ENABLE_PREVIEWS = YES;
				GENERATE_INFOPLIST_FILE = YES;
				INFOPLIST_KEY_UIApplicationSceneManifest_Generation = YES;
				INFOPLIST_KEY_UIApplicationSupportsIndirectInputEvents = YES;
				INFOPLIST_KEY_UILaunchScreen_Generation = YES;
				INFOPLIST_KEY_UISupportedInterfaceOrientations_iPad = "UIInterfaceOrientationPortrait UIInterfaceOrientationPortraitUpsideDown UIInterfaceOrientationLandscapeLeft UIInterfaceOrientationLandscapeRight";
				INFOPLIST_KEY_UISupportedInterfaceOrientations_iPhone = "UIInterfaceOrientationPortrait UIInterfaceOrientationLandscapeLeft UIInterfaceOrientationLandscapeRight";
				LD_RUNPATH_SEARCH_PATHS = (
					"$(inherited)",
					"@executable_path/Frameworks",
				);
				MARKETING_VERSION = 1.0;
				PRODUCT_BUNDLE_IDENTIFIER = me.vakhtang.HabitTracking;
				PRODUCT_NAME = "$(TARGET_NAME)";
				SWIFT_EMIT_LOC_STRINGS = YES;
				SWIFT_VERSION = 5.0;
				TARGETED_DEVICE_FAMILY = "1,2";
			};
			name = Debug;
		};
		FCFD48572A8E21C0005EF83E /* Release */ = {
			isa = XCBuildConfiguration;
			buildSettings = {
				ASSETCATALOG_COMPILER_APPICON_NAME = AppIcon;
				ASSETCATALOG_COMPILER_GLOBAL_ACCENT_COLOR_NAME = AccentColor;
				CODE_SIGN_STYLE = Automatic;
				CURRENT_PROJECT_VERSION = 1;
				DEVELOPMENT_ASSET_PATHS = "\"HabitTracking/Preview Content\"";
				DEVELOPMENT_TEAM = UYW8HNCU5F;
				ENABLE_PREVIEWS = YES;
				GENERATE_INFOPLIST_FILE = YES;
				INFOPLIST_KEY_UIApplicationSceneManifest_Generation = YES;
				INFOPLIST_KEY_UIApplicationSupportsIndirectInputEvents = YES;
				INFOPLIST_KEY_UILaunchScreen_Generation = YES;
				INFOPLIST_KEY_UISupportedInterfaceOrientations_iPad = "UIInterfaceOrientationPortrait UIInterfaceOrientationPortraitUpsideDown UIInterfaceOrientationLandscapeLeft UIInterfaceOrientationLandscapeRight";
				INFOPLIST_KEY_UISupportedInterfaceOrientations_iPhone = "UIInterfaceOrientationPortrait UIInterfaceOrientationLandscapeLeft UIInterfaceOrientationLandscapeRight";
				LD_RUNPATH_SEARCH_PATHS = (
					"$(inherited)",
					"@executable_path/Frameworks",
				);
				MARKETING_VERSION = 1.0;
				PRODUCT_BUNDLE_IDENTIFIER = me.vakhtang.HabitTracking;
				PRODUCT_NAME = "$(TARGET_NAME)";
				SWIFT_EMIT_LOC_STRINGS = YES;
				SWIFT_VERSION = 5.0;
				TARGETED_DEVICE_FAMILY = "1,2";
			};
			name = Release;
		};
/* End XCBuildConfiguration section */

/* Begin XCConfigurationList section */
		FCFD48422A8E21BE005EF83E /* Build configuration list for PBXProject "HabitTracking" */ = {
			isa = XCConfigurationList;
			buildConfigurations = (
				FCFD48532A8E21C0005EF83E /* Debug */,
				FCFD48542A8E21C0005EF83E /* Release */,
			);
			defaultConfigurationIsVisible = 0;
			defaultConfigurationName = Release;
		};
		FCFD48552A8E21C0005EF83E /* Build configuration list for PBXNativeTarget "HabitTracking" */ = {
			isa = XCConfigurationList;
			buildConfigurations = (
				FCFD48562A8E21C0005EF83E /* Debug */,
				FCFD48572A8E21C0005EF83E /* Release */,
			);
			defaultConfigurationIsVisible = 0;
			defaultConfigurationName = Release;
		};
/* End XCConfigurationList section */
	};
	rootObject = FCFD483F2A8E21BE005EF83E /* Project object */;
}
